{
  "name": "web-corecoin",
  "version": "1.0.0",
  "lockfileVersion": 1,
  "requires": true,
  "dependencies": {
    "@cryptohub/coco": {
      "version": "github:CryptoHub-place/coco#85cba8eaaf20cf40495589ffb90e6c9df9f341a7",
      "from": "github:CryptoHub-place/coco#master"
    },
    "coco": {
      "version": "github:CryptoHub-place/coco#58d1bc3d75da52284cbb8974e558074266a9c2d1",
      "from": "github:CryptoHub-place/coco#master"
    }
  }
}
